
Microsoft Visual Studio Solution File, Format Version 12.00
# Visual Studio 15
VisualStudioVersion = 15.0.27130.2027
MinimumVisualStudioVersion = 10.0.40219.1
Project("{FAE04EC0-301F-11D3-BF4B-00C04F79EFBC}") = "EsenClassLib", "EsenClassLib\EsenClassLib.csproj", "{D0559024-4E40-4C1B-B445-F55016A20720}"
EndProject
Project("{FAE04EC0-301F-11D3-BF4B-00C04F79EFBC}") = "EsenLib.Basic", "EsenLib.Basic\EsenLib.Basic.csproj", "{7AD2334B-7EB2-479D-8CE0-D586E0305B7A}"
EndProject
Global
	GlobalSection(SolutionConfigurationPlatforms) = preSolution
		Debug|Any CPU = Debug|Any CPU
		Release|Any CPU = Release|Any CPU
	EndGlobalSection
	GlobalSection(ProjectConfigurationPlatforms) = postSolution
		{D0559024-4E40-4C1B-B445-F55016A20720}.Debug|Any CPU.ActiveCfg = Debug|Any CPU
		{D0559024-4E40-4C1B-B445-F55016A20720}.Debug|Any CPU.Build.0 = Debug|Any CPU
		{D0559024-4E40-4C1B-B445-F55016A20720}.Release|Any CPU.ActiveCfg = Release|Any CPU
		{D0559024-4E40-4C1B-B445-F55016A20720}.Release|Any CPU.Build.0 = Release|Any CPU
		{7AD2334B-7EB2-479D-8CE0-D586E0305B7A}.Debug|Any CPU.ActiveCfg = Debug|Any CPU
		{7AD2334B-7EB2-479D-8CE0-D586E0305B7A}.Debug|Any CPU.Build.0 = Debug|Any CPU
		{7AD2334B-7EB2-479D-8CE0-D586E0305B7A}.Release|Any CPU.ActiveCfg = Release|Any CPU
		{7AD2334B-7EB2-479D-8CE0-D586E0305B7A}.Release|Any CPU.Build.0 = Release|Any CPU
	EndGlobalSection
	GlobalSection(SolutionProperties) = preSolution
		HideSolutionNode = FALSE
	EndGlobalSection
	GlobalSection(ExtensibilityGlobals) = postSolution
		SolutionGuid = {5FF98034-9F69-47F8-A2B6-DA9D1FEA62FF}
	EndGlobalSection
EndGlobal
